{
  "pins" : [
    {
      "identity" : "dpotpview",
      "kind" : "remoteSourceControl",
      "location" : "https://github.com/Datt1994/DPOTPView.git",
      "state" : {
        "revision" : "950ecde0feef20f96abdd20a7442aa0ac2461626",
        "version" : "1.5.12"
      }
    },
    {
      "identity" : "halfasheet",
      "kind" : "remoteSourceControl",
      "location" : "https://github.com/franklynw/HalfASheet",
      "state" : {
        "revision" : "4f43296b3722082dd5735521ee0fbf25e61cd21c",
        "version" : "1.0.2"
      }
    },
    {
      "identity" : "keychain-swift",
      "kind" : "remoteSourceControl",
      "location" : "https://github.com/evgenyneu/keychain-swift.git",
      "state" : {
        "revision" : "d108a1fa6189e661f91560548ef48651ed8d93b9",
        "version" : "20.0.0"
      }
    },
    {
      "identity" : "swiftui-tooltip",
      "kind" : "remoteSourceControl",
      "location" : "https://github.com/quassummanus/SwiftUI-Tooltip.git",
      "state" : {
        "revision" : "9e8e67a06503c4d0b9ac7bd3784b43b0afdf602f",
        "version" : "1.3.1"
      }
    },
    {
      "identity" : "swiftuix",
      "kind" : "remoteSourceControl",
      "location" : "https://github.com/SwiftUIX/SwiftUIX",
      "state" : {
        "revision" : "1b8b443b61b8b37fafb06c1abad9b6be244c9de9",
        "version" : "0.1.4"
      }
    }
  ],
  "version" : 2
}
